PATH
  remote: ..
  specs:
    minitest-around (0.5.0)
      minitest (> 5.0, < 7.0)

GEM
  remote: https://rubygems.org/
  specs:
    base64 (0.3.0)
    benchmark (0.5.0)
    bigdecimal (4.0.1)
    builder (3.3.0)
    bump (0.10.0)
    cucumber (10.2.0)
      base64 (~> 0.2)
      builder (~> 3.2)
      cucumber-ci-environment (> 9, < 12)
      cucumber-core (> 15, < 17)
      cucumber-cucumber-expressions (> 17, < 20)
      cucumber-html-formatter (> 21, < 23)
      diff-lcs (~> 1.5)
      logger (~> 1.6)
      mini_mime (~> 1.1)
      multi_test (~> 1.1)
      sys-uname (~> 1.3)
    cucumber-ci-environment (11.0.0)
    cucumber-core (16.1.1)
      cucumber-gherkin (> 36, < 40)
      cucumber-messages (> 31, < 33)
      cucumber-tag-expressions (> 6, < 9)
    cucumber-cucumber-expressions (18.0.1)
      bigdecimal
    cucumber-gherkin (37.0.1)
      cucumber-messages (>= 31, < 32)
    cucumber-html-formatter (22.3.0)
      cucumber-messages (> 23, < 33)
    cucumber-messages (31.1.0)
    cucumber-tag-expressions (8.1.0)
    diff-lcs (1.6.2)
    ffi (1.17.2-arm64-darwin)
    ffi (1.17.2-x86_64-linux-gnu)
    forking_test_runner (1.16.0)
      benchmark (>= 0.5.0)
      parallel_tests (>= 1.3.7)
    logger (1.7.0)
    memoist3 (1.0.0)
    mini_mime (1.1.5)
    minitest (5.27.0)
    multi_test (1.1.0)
    parallel (1.27.0)
    parallel_tests (5.5.0)
      parallel
    rake (13.3.1)
    sys-uname (1.4.1)
      ffi (~> 1.1)
      memoist3 (~> 1.0.0)

PLATFORMS
  arm64-darwin-24
  x86_64-linux

DEPENDENCIES
  bump
  cucumber
  forking_test_runner
  minitest (~> 5.27.0)
  minitest-around!
  rake

BUNDLED WITH
   2.4.10
